
Microsoft Visual Studio Solution File, Format Version 12.00
# Visual Studio Version 17
VisualStudioVersion = 17.1.32210.238
MinimumVisualStudioVersion = 10.0.40219.1
Project("{9A19103F-16F7-4668-BE54-9A1E7A4F7556}") = "CookBook.Application", "CookBook.Application\CookBook.Application.csproj", "{1BEB76D1-9B37-459C-B257-7A9409B79DB6}"
EndProject
Project("{9A19103F-16F7-4668-BE54-9A1E7A4F7556}") = "CookBook.Core", "CookBook.Core\CookBook.Core.csproj", "{E873CD30-3EF6-4916-8D9A-CFF2A751B818}"
EndProject
Project("{9A19103F-16F7-4668-BE54-9A1E7A4F7556}") = "CookBook.Infrastructure", "CookBook.Infrastructure\CookBook.Infrastructure.csproj", "{9A743799-6D63-49EC-AF84-1F4F89121F86}"
EndProject
Project("{9A19103F-16F7-4668-BE54-9A1E7A4F7556}") = "CookBook.Api", "CookBook.Api\CookBook.Api.csproj", "{32FE63EF-CFD4-447D-96D1-2AF70922B59B}"
EndProject
Project("{2150E333-8FDC-42A3-9474-1A3956D46DE8}") = "Solution Items", "Solution Items", "{6C1DB019-64E0-42C2-BBDD-0BF81DB0F566}"
	ProjectSection(SolutionItems) = preProject
		.editorconfig = .editorconfig
	EndProjectSection
EndProject
Global
	GlobalSection(SolutionConfigurationPlatforms) = preSolution
		Debug|Any CPU = Debug|Any CPU
		Release|Any CPU = Release|Any CPU
	EndGlobalSection
	GlobalSection(ProjectConfigurationPlatforms) = postSolution
		{1BEB76D1-9B37-459C-B257-7A9409B79DB6}.Debug|Any CPU.ActiveCfg = Debug|Any CPU
		{1BEB76D1-9B37-459C-B257-7A9409B79DB6}.Debug|Any CPU.Build.0 = Debug|Any CPU
		{1BEB76D1-9B37-459C-B257-7A9409B79DB6}.Release|Any CPU.ActiveCfg = Release|Any CPU
		{1BEB76D1-9B37-459C-B257-7A9409B79DB6}.Release|Any CPU.Build.0 = Release|Any CPU
		{E873CD30-3EF6-4916-8D9A-CFF2A751B818}.Debug|Any CPU.ActiveCfg = Debug|Any CPU
		{E873CD30-3EF6-4916-8D9A-CFF2A751B818}.Debug|Any CPU.Build.0 = Debug|Any CPU
		{E873CD30-3EF6-4916-8D9A-CFF2A751B818}.Release|Any CPU.ActiveCfg = Release|Any CPU
		{E873CD30-3EF6-4916-8D9A-CFF2A751B818}.Release|Any CPU.Build.0 = Release|Any CPU
		{9A743799-6D63-49EC-AF84-1F4F89121F86}.Debug|Any CPU.ActiveCfg = Debug|Any CPU
		{9A743799-6D63-49EC-AF84-1F4F89121F86}.Debug|Any CPU.Build.0 = Debug|Any CPU
		{9A743799-6D63-49EC-AF84-1F4F89121F86}.Release|Any CPU.ActiveCfg = Release|Any CPU
		{9A743799-6D63-49EC-AF84-1F4F89121F86}.Release|Any CPU.Build.0 = Release|Any CPU
		{32FE63EF-CFD4-447D-96D1-2AF70922B59B}.Debug|Any CPU.ActiveCfg = Debug|Any CPU
		{32FE63EF-CFD4-447D-96D1-2AF70922B59B}.Debug|Any CPU.Build.0 = Debug|Any CPU
		{32FE63EF-CFD4-447D-96D1-2AF70922B59B}.Release|Any CPU.ActiveCfg = Release|Any CPU
		{32FE63EF-CFD4-447D-96D1-2AF70922B59B}.Release|Any CPU.Build.0 = Release|Any CPU
	EndGlobalSection
	GlobalSection(SolutionProperties) = preSolution
		HideSolutionNode = FALSE
	EndGlobalSection
	GlobalSection(ExtensibilityGlobals) = postSolution
		SolutionGuid = {70490D4F-4F3F-4B8D-AC93-A297DBB036A0}
	EndGlobalSection
EndGlobal
